
Microsoft Visual Studio Solution File, Format Version 12.00
# Visual Studio Version 16
VisualStudioVersion = 16.0.29424.173
MinimumVisualStudioVersion = 10.0.40219.1
Project("{9A19103F-16F7-4668-BE54-9A1E7A4F7556}") = "MVCVideoTestProject", "MVCVideoTestProject\MVCVideoTestProject.csproj", "{CC8C40CB-BAB0-43BB-A26F-D2CF6901081C}"
EndProject
Project("{9A19103F-16F7-4668-BE54-9A1E7A4F7556}") = "VideoNUnitTests", "VideoNUnitTests\VideoNUnitTests.csproj", "{55B0131F-62E5-4702-9B7B-1A655E34D5E3}"
	ProjectSection(ProjectDependencies) = postProject
		{CC8C40CB-BAB0-43BB-A26F-D2CF6901081C} = {CC8C40CB-BAB0-43BB-A26F-D2CF6901081C}
	EndProjectSection
EndProject
Global
	GlobalSection(SolutionConfigurationPlatforms) = preSolution
		Debug|Any CPU = Debug|Any CPU
		Release|Any CPU = Release|Any CPU
	EndGlobalSection
	GlobalSection(ProjectConfigurationPlatforms) = postSolution
		{CC8C40CB-BAB0-43BB-A26F-D2CF6901081C}.Debug|Any CPU.ActiveCfg = Debug|Any CPU
		{CC8C40CB-BAB0-43BB-A26F-D2CF6901081C}.Debug|Any CPU.Build.0 = Debug|Any CPU
		{CC8C40CB-BAB0-43BB-A26F-D2CF6901081C}.Release|Any CPU.ActiveCfg = Release|Any CPU
		{CC8C40CB-BAB0-43BB-A26F-D2CF6901081C}.Release|Any CPU.Build.0 = Release|Any CPU
		{55B0131F-62E5-4702-9B7B-1A655E34D5E3}.Debug|Any CPU.ActiveCfg = Debug|Any CPU
		{55B0131F-62E5-4702-9B7B-1A655E34D5E3}.Debug|Any CPU.Build.0 = Debug|Any CPU
		{55B0131F-62E5-4702-9B7B-1A655E34D5E3}.Release|Any CPU.ActiveCfg = Release|Any CPU
		{55B0131F-62E5-4702-9B7B-1A655E34D5E3}.Release|Any CPU.Build.0 = Release|Any CPU
	EndGlobalSection
	GlobalSection(SolutionProperties) = preSolution
		HideSolutionNode = FALSE
	EndGlobalSection
	GlobalSection(ExtensibilityGlobals) = postSolution
		SolutionGuid = {C45CF1F4-9552-4B9D-AC09-8EB7252B3AA1}
	EndGlobalSection
EndGlobal
